
Microsoft Visual Studio Solution File, Format Version 12.00
# Visual Studio Version 17
VisualStudioVersion = 17.11.35312.102
MinimumVisualStudioVersion = 10.0.40219.1
Project("{FAE04EC0-301F-11D3-BF4B-00C04F79EFBC}") = "GeriyeDegerDönmeyen", "GeriyeDegerDönmeyen\GeriyeDegerDönmeyen.csproj", "{B93F265F-9C6A-49D3-BB11-DC1AE908C53B}"
EndProject
Project("{FAE04EC0-301F-11D3-BF4B-00C04F79EFBC}") = "GeriyeTamsayıDöndürenBirMetot", "GeriyeTamsayıDöndürenBirMetot\GeriyeTamsayıDöndürenBirMetot.csproj", "{9AD4B726-8B7C-432A-994C-C2E966083F99}"
EndProject
Project("{FAE04EC0-301F-11D3-BF4B-00C04F79EFBC}") = "ParametreAlanVeGeriyeDeğerDöndürenBirMetot", "ParametreAlanVeGeriyeDeğerDöndürenBirMetot\ParametreAlanVeGeriyeDeğerDöndürenBirMetot.csproj", "{EE0E7F27-654C-4A58-BB93-F856C10921C1}"
EndProject
Project("{FAE04EC0-301F-11D3-BF4B-00C04F79EFBC}") = "ParametreAlanVeGeriyeDeğerDöndürmeyenBirMetot", "ParametreAlanVeGeriyeDeğerDöndürmeyenBirMetot\ParametreAlanVeGeriyeDeğerDöndürmeyenBirMetot.csproj", "{E36F0982-73B0-41E0-8A94-FC4314EA6024}"
EndProject
Global
	GlobalSection(SolutionConfigurationPlatforms) = preSolution
		Debug|Any CPU = Debug|Any CPU
		Release|Any CPU = Release|Any CPU
	EndGlobalSection
	GlobalSection(ProjectConfigurationPlatforms) = postSolution
		{B93F265F-9C6A-49D3-BB11-DC1AE908C53B}.Debug|Any CPU.ActiveCfg = Debug|Any CPU
		{B93F265F-9C6A-49D3-BB11-DC1AE908C53B}.Debug|Any CPU.Build.0 = Debug|Any CPU
		{B93F265F-9C6A-49D3-BB11-DC1AE908C53B}.Release|Any CPU.ActiveCfg = Release|Any CPU
		{B93F265F-9C6A-49D3-BB11-DC1AE908C53B}.Release|Any CPU.Build.0 = Release|Any CPU
		{9AD4B726-8B7C-432A-994C-C2E966083F99}.Debug|Any CPU.ActiveCfg = Debug|Any CPU
		{9AD4B726-8B7C-432A-994C-C2E966083F99}.Debug|Any CPU.Build.0 = Debug|Any CPU
		{9AD4B726-8B7C-432A-994C-C2E966083F99}.Release|Any CPU.ActiveCfg = Release|Any CPU
		{9AD4B726-8B7C-432A-994C-C2E966083F99}.Release|Any CPU.Build.0 = Release|Any CPU
		{EE0E7F27-654C-4A58-BB93-F856C10921C1}.Debug|Any CPU.ActiveCfg = Debug|Any CPU
		{EE0E7F27-654C-4A58-BB93-F856C10921C1}.Debug|Any CPU.Build.0 = Debug|Any CPU
		{EE0E7F27-654C-4A58-BB93-F856C10921C1}.Release|Any CPU.ActiveCfg = Release|Any CPU
		{EE0E7F27-654C-4A58-BB93-F856C10921C1}.Release|Any CPU.Build.0 = Release|Any CPU
		{E36F0982-73B0-41E0-8A94-FC4314EA6024}.Debug|Any CPU.ActiveCfg = Debug|Any CPU
		{E36F0982-73B0-41E0-8A94-FC4314EA6024}.Debug|Any CPU.Build.0 = Debug|Any CPU
		{E36F0982-73B0-41E0-8A94-FC4314EA6024}.Release|Any CPU.ActiveCfg = Release|Any CPU
		{E36F0982-73B0-41E0-8A94-FC4314EA6024}.Release|Any CPU.Build.0 = Release|Any CPU
	EndGlobalSection
	GlobalSection(SolutionProperties) = preSolution
		HideSolutionNode = FALSE
	EndGlobalSection
	GlobalSection(ExtensibilityGlobals) = postSolution
		SolutionGuid = {3B94A39B-BB74-49FF-B54E-7CDC76871804}
	EndGlobalSection
EndGlobal
